
Microsoft Visual Studio Solution File, Format Version 12.00
# Visual Studio Version 17
VisualStudioVersion = 17.0.31903.59
MinimumVisualStudioVersion = 10.0.40219.1
Project("{FAE04EC0-301F-11D3-BF4B-00C04F79EFBC}") = "Webhooks.API", "Webhooks.API.csproj", "{D39517B6-310B-411F-AC3C-FC8F5E1A2F88}"
EndProject
Global
	GlobalSection(SolutionConfigurationPlatforms) = preSolution
		Debug|Any CPU = Debug|Any CPU
		Release|Any CPU = Release|Any CPU
	EndGlobalSection
	GlobalSection(SolutionProperties) = preSolution
		HideSolutionNode = FALSE
	EndGlobalSection
	GlobalSection(ProjectConfigurationPlatforms) = postSolution
		{D39517B6-310B-411F-AC3C-FC8F5E1A2F88}.Debug|Any CPU.ActiveCfg = Debug|Any CPU
		{D39517B6-310B-411F-AC3C-FC8F5E1A2F88}.Debug|Any CPU.Build.0 = Debug|Any CPU
		{D39517B6-310B-411F-AC3C-FC8F5E1A2F88}.Release|Any CPU.ActiveCfg = Release|Any CPU
		{D39517B6-310B-411F-AC3C-FC8F5E1A2F88}.Release|Any CPU.Build.0 = Release|Any CPU
	EndGlobalSection
EndGlobal
